github.com/gorilla/mux v1.8.1 h1:TuBL49tXwgrFYWhqrNgrUNEY92u81SPhu7sTdzQEiWY=
github.com/gorilla/mux v1.8.1/go.mod h1:AKf9I4AEqPTmMytcMc0KkNouC66V3BtZ4qD5fmWSiMQ=
github.com/sashabaranov/go-openai v1.20.1 h1:cFnTixAtc0I0cCBFr8gkvEbGCm6Rjf2JyoVWCjXwy9g=
github.com/sashabaranov/go-openai v1.20.1/go.mod h1:lj5b/K+zjTSFxVLijLSTDZuP7adOgerWeFyZLUhAKRg=
